// !$*UTF8*$!
{
	archiveVersion = 1;
	classes = {
	};
	objectVersion = 56;
	objects = {

/* Begin PBXBuildFile section */
		8AD3F4E12BEDFDD100EC3C53 /* AppDelegate.m in Sources */ = {isa = PBXBuildFile; fileRef = 8AD3F4E02BEDFDD100EC3C53 /* AppDelegate.m */; };
		8AD3F4E42BEDFDD100EC3C53 /* SceneDelegate.m in Sources */ = {isa = PBXBuildFile; fileRef = 8AD3F4E32BEDFDD100EC3C53 /* SceneDelegate.m */; };
		8AD3F4E72BEDFDD100EC3C53 /* ViewController.m in Sources */ = {isa = PBXBuildFile; fileRef = 8AD3F4E62BEDFDD100EC3C53 /* ViewController.m */; };
		8AD3F4EA2BEDFDD100EC3C53 /* Base in Resources */ = {isa = PBXBuildFile; fileRef = 8AD3F4E92BEDFDD100EC3C53 /* Base */; };
		8AD3F4EC2BEDFDD400EC3C53 /* Assets.xcassets in Resources */ = {isa = PBXBuildFile; fileRef = 8AD3F4EB2BEDFDD400EC3C53 /* Assets.xcassets */; };
		8AD3F4EF2BEDFDD400EC3C53 /* Base in Resources */ = {isa = PBXBuildFile; fileRef = 8AD3F4EE2BEDFDD400EC3C53 /* Base */; };
		8AD3F4F22BEDFDD400EC3C53 /* main.m in Sources */ = {isa = PBXBuildFile; fileRef = 8AD3F4F12BEDFDD400EC3C53 /* main.m */; };
		8AD3F4FC2BEDFDD400EC3C53 /* cc2Tests.m in Sources */ = {isa = PBXBuildFile; fileRef = 8AD3F4FB2BEDFDD400EC3C53 /* cc2Tests.m */; };
		8AD3F5062BEDFDD400EC3C53 /* cc2UITests.m in Sources */ = {isa = PBXBuildFile; fileRef = 8AD3F5052BEDFDD400EC3C53 /* cc2UITests.m */; };
		8AD3F5082BEDFDD400EC3C53 /* cc2UITestsLaunchTests.m in Sources */ = {isa = PBXBuildFile; fileRef = 8AD3F5072BEDFDD400EC3C53 /* cc2UITestsLaunchTests.m */; };
/* End PBXBuildFile section */

/* Begin PBXContainerItemProxy section */
		8AD3F4F82BEDFDD400EC3C53 /* PBXContainerItemProxy */ = {
			isa = PBXContainerItemProxy;
			containerPortal = 8AD3F4D42BEDFDD100EC3C53 /* Project object */;
			proxyType = 1;
			remoteGlobalIDString = 8AD3F4DB2BEDFDD100EC3C53;
			remoteInfo = cc2;
		};
		8AD3F5022BEDFDD400EC3C53 /* PBXContainerItemProxy */ = {
			isa = PBXContainerItemProxy;
			containerPortal = 8AD3F4D42BEDFDD100EC3C53 /* Project object */;
			proxyType = 1;
			remoteGlobalIDString = 8AD3F4DB2BEDFDD100EC3C53;
			remoteInfo = cc2;
		};
/* End PBXContainerItemProxy section */

/* Begin PBXFileReference section */
		8AD3F4DC2BEDFDD100EC3C53 /* cc2.app */ = {isa = PBXFileReference; explicitFileType = wrapper.application; includeInIndex = 0; path = cc2.app; sourceTree = BUILT_PRODUCTS_DIR; };
		8AD3F4DF2BEDFDD100EC3C53 /* AppDelegate.h */ = {isa = PBXFileReference; lastKnownFileType = sourcecode.c.h; path = AppDelegate.h; sourceTree = "<group>"; };
		8AD3F4E02BEDFDD100EC3C53 /* AppDelegate.m */ = {isa = PBXFileReference; lastKnownFileType = sourcecode.c.objc; path = AppDelegate.m; sourceTree = "<group>"; };
		8AD3F4E22BEDFDD100EC3C53 /* SceneDelegate.h */ = {isa = PBXFileReference; lastKnownFileType = sourcecode.c.h; path = SceneDelegate.h; sourceTree = "<group>"; };
		8AD3F4E32BEDFDD100EC3C53 /* SceneDelegate.m */ = {isa = PBXFileReference; lastKnownFileType = sourcecode.c.objc; path = SceneDelegate.m; sourceTree = "<group>"; };
		8AD3F4E52BEDFDD100EC3C53 /* ViewController.h */ = {isa = PBXFileReference; lastKnownFileType = sourcecode.c.h; path = ViewController.h; sourceTree = "<group>"; };
		8AD3F4E62BEDFDD100EC3C53 /* ViewController.m */ = {isa = PBXFileReference; lastKnownFileType = sourcecode.c.objc; path = ViewController.m; sourceTree = "<group>"; };
		8AD3F4E92BEDFDD100EC3C53 /* Base */ = {isa = PBXFileReference; lastKnownFileType = file.storyboard; name = Base; path = Base.lproj/Main.storyboard; sourceTree = "<group>"; };
		8AD3F4EB2BEDFDD400EC3C53 /* Assets.xcassets */ = {isa = PBXFileReference; lastKnownFileType = folder.assetcatalog; path = Assets.xcassets; sourceTree = "<group>"; };
		8AD3F4EE2BEDFDD400EC3C53 /* Base */ = {isa = PBXFileReference; lastKnownFileType = file.storyboard; name = Base; path = Base.lproj/LaunchScreen.storyboard; sourceTree = "<group>"; };
		8AD3F4F02BEDFDD400EC3C53 /* Info.plist */ = {isa = PBXFileReference; lastKnownFileType = text.plist.xml; path = Info.plist; sourceTree = "<group>"; };
		8AD3F4F12BEDFDD400EC3C53 /* main.m */ = {isa = PBXFileReference; lastKnownFileType = sourcecode.c.objc; path = main.m; sourceTree = "<group>"; };
		8AD3F4F72BEDFDD400EC3C53 /* cc2Tests.xctest */ = {isa = PBXFileReference; explicitFileType = wrapper.cfbundle; includeInIndex = 0; path = cc2Tests.xctest; sourceTree = BUILT_PRODUCTS_DIR; };
		8AD3F4FB2BEDFDD400EC3C53 /* cc2Tests.m */ = {isa = PBXFileReference; lastKnownFileType = sourcecode.c.objc; path = cc2Tests.m; sourceTree = "<group>"; };
		8AD3F5012BEDFDD400EC3C53 /* cc2UITests.xctest */ = {isa = PBXFileReference; explicitFileType = wrapper.cfbundle; includeInIndex = 0; path = cc2UITests.xctest; sourceTree = BUILT_PRODUCTS_DIR; };
		8AD3F5052BEDFDD400EC3C53 /* cc2UITests.m */ = {isa = PBXFileReference; lastKnownFileType = sourcecode.c.objc; path = cc2UITests.m; sourceTree = "<group>"; };
		8AD3F5072BEDFDD400EC3C53 /* cc2UITestsLaunchTests.m */ = {isa = PBXFileReference; lastKnownFileType = sourcecode.c.objc; path = cc2UITestsLaunchTests.m; sourceTree = "<group>"; };
/* End PBXFileReference section */

/* Begin PBXFrameworksBuildPhase section */
		8AD3F4D92BEDFDD100EC3C53 /* Frameworks */ = {
			isa = PBXFrameworksBuildPhase;
			buildActionMask = 2147483647;
			files = (
			);
			runOnlyForDeploymentPostprocessing = 0;
		};
		8AD3F4F42BEDFDD400EC3C53 /* Frameworks */ = {
			isa = PBXFrameworksBuildPhase;
			buildActionMask = 2147483647;
			files = (
			);
			runOnlyForDeploymentPostprocessing = 0;
		};
		8AD3F4FE2BEDFDD400EC3C53 /* Frameworks */ = {
			isa = PBXFrameworksBuildPhase;
			buildActionMask = 2147483647;
			files = (
			);
			runOnlyForDeploymentPostprocessing = 0;
		};
/* End PBXFrameworksBuildPhase section */

/* Begin PBXGroup section */
		8AD3F4D32BEDFDD100EC3C53 = {
			isa = PBXGroup;
			children = (
				8AD3F4DE2BEDFDD100EC3C53 /* cc2 */,
				8AD3F4FA2BEDFDD400EC3C53 /* cc2Tests */,
				8AD3F5042BEDFDD400EC3C53 /* cc2UITests */,
				8AD3F4DD2BEDFDD100EC3C53 /* Products */,
			);
			sourceTree = "<group>";
		};
		8AD3F4DD2BEDFDD100EC3C53 /* Products */ = {
			isa = PBXGroup;
			children = (
				8AD3F4DC2BEDFDD100EC3C53 /* cc2.app */,
				8AD3F4F72BEDFDD400EC3C53 /* cc2Tests.xctest */,
				8AD3F5012BEDFDD400EC3C53 /* cc2UITests.xctest */,
			);
			name = Products;
			sourceTree = "<group>";
		};
		8AD3F4DE2BEDFDD100EC3C53 /* cc2 */ = {
			isa = PBXGroup;
			children = (
				8AD3F4DF2BEDFDD100EC3C53 /* AppDelegate.h */,
				8AD3F4E02BEDFDD100EC3C53 /* AppDelegate.m */,
				8AD3F4E22BEDFDD100EC3C53 /* SceneDelegate.h */,
				8AD3F4E32BEDFDD100EC3C53 /* SceneDelegate.m */,
				8AD3F4E52BEDFDD100EC3C53 /* ViewController.h */,
				8AD3F4E62BEDFDD100EC3C53 /* ViewController.m */,
				8AD3F4E82BEDFDD100EC3C53 /* Main.storyboard */,
				8AD3F4EB2BEDFDD400EC3C53 /* Assets.xcassets */,
				8AD3F4ED2BEDFDD400EC3C53 /* LaunchScreen.storyboard */,
				8AD3F4F02BEDFDD400EC3C53 /* Info.plist */,
				8AD3F4F12BEDFDD400EC3C53 /* main.m */,
			);
			path = cc2;
			sourceTree = "<group>";
		};
		8AD3F4FA2BEDFDD400EC3C53 /* cc2Tests */ = {
			isa = PBXGroup;
			children = (
				8AD3F4FB2BEDFDD400EC3C53 /* cc2Tests.m */,
			);
			path = cc2Tests;
			sourceTree = "<group>";
		};
		8AD3F5042BEDFDD400EC3C53 /* cc2UITests */ = {
			isa = PBXGroup;
			children = (
				8AD3F5052BEDFDD400EC3C53 /* cc2UITests.m */,
				8AD3F5072BEDFDD400EC3C53 /* cc2UITestsLaunchTests.m */,
			);
			path = cc2UITests;
			sourceTree = "<group>";
		};
/* End PBXGroup section */

/* Begin PBXNativeTarget section */
		8AD3F4DB2BEDFDD100EC3C53 /* cc2 */ = {
			isa = PBXNativeTarget;
			buildConfigurationList = 8AD3F50B2BEDFDD400EC3C53 /* Build configuration list for PBXNativeTarget "cc2" */;
			buildPhases = (
				8AD3F4D82BEDFDD100EC3C53 /* Sources */,
				8AD3F4D92BEDFDD100EC3C53 /* Frameworks */,
				8AD3F4DA2BEDFDD100EC3C53 /* Resources */,
			);
			buildRules = (
			);
			dependencies = (
			);
			name = cc2;
			productName = cc2;
			productReference = 8AD3F4DC2BEDFDD100EC3C53 /* cc2.app */;
			productType = "com.apple.product-type.application";
		};
		8AD3F4F62BEDFDD400EC3C53 /* cc2Tests */ = {
			isa = PBXNativeTarget;
			buildConfigurationList = 8AD3F50E2BEDFDD400EC3C53 /* Build configuration list for PBXNativeTarget "cc2Tests" */;
			buildPhases = (
				8AD3F4F32BEDFDD400EC3C53 /* Sources */,
				8AD3F4F42BEDFDD400EC3C53 /* Frameworks */,
				8AD3F4F52BEDFDD400EC3C53 /* Resources */,
			);
			buildRules = (
			);
			dependencies = (
				8AD3F4F92BEDFDD400EC3C53 /* PBXTargetDependency */,
			);
			name = cc2Tests;
			productName = cc2Tests;
			productReference = 8AD3F4F72BEDFDD400EC3C53 /* cc2Tests.xctest */;
			productType = "com.apple.product-type.bundle.unit-test";
		};
		8AD3F5002BEDFDD400EC3C53 /* cc2UITests */ = {
			isa = PBXNativeTarget;
			buildConfigurationList = 8AD3F5112BEDFDD400EC3C53 /* Build configuration list for PBXNativeTarget "cc2UITests" */;
			buildPhases = (
				8AD3F4FD2BEDFDD400EC3C53 /* Sources */,
				8AD3F4FE2BEDFDD400EC3C53 /* Frameworks */,
				8AD3F4FF2BEDFDD400EC3C53 /* Resources */,
			);
			buildRules = (
			);
			dependencies = (
				8AD3F5032BEDFDD400EC3C53 /* PBXTargetDependency */,
			);
			name = cc2UITests;
			productName = cc2UITests;
			productReference = 8AD3F5012BEDFDD400EC3C53 /* cc2UITests.xctest */;
			productType = "com.apple.product-type.bundle.ui-testing";
		};
/* End PBXNativeTarget section */

/* Begin PBXProject section */
		8AD3F4D42BEDFDD100EC3C53 /* Project object */ = {
			isa = PBXProject;
			attributes = {
				BuildIndependentTargetsInParallel = 1;
				LastUpgradeCheck = 1530;
				TargetAttributes = {
					8AD3F4DB2BEDFDD100EC3C53 = {
						CreatedOnToolsVersion = 15.3;
					};
					8AD3F4F62BEDFDD400EC3C53 = {
						CreatedOnToolsVersion = 15.3;
						TestTargetID = 8AD3F4DB2BEDFDD100EC3C53;
					};
					8AD3F5002BEDFDD400EC3C53 = {
						CreatedOnToolsVersion = 15.3;
						TestTargetID = 8AD3F4DB2BEDFDD100EC3C53;
					};
				};
			};
			buildConfigurationList = 8AD3F4D72BEDFDD100EC3C53 /* Build configuration list for PBXProject "cc2" */;
			compatibilityVersion = "Xcode 14.0";
			developmentRegion = en;
			hasScannedForEncodings = 0;
			knownRegions = (
				en,
				Base,
			);
			mainGroup = 8AD3F4D32BEDFDD100EC3C53;
			productRefGroup = 8AD3F4DD2BEDFDD100EC3C53 /* Products */;
			projectDirPath = "";
			projectRoot = "";
			targets = (
				8AD3F4DB2BEDFDD100EC3C53 /* cc2 */,
				8AD3F4F62BEDFDD400EC3C53 /* cc2Tests */,
				8AD3F5002BEDFDD400EC3C53 /* cc2UITests */,
			);
		};
/* End PBXProject section */

/* Begin PBXResourcesBuildPhase section */
		8AD3F4DA2BEDFDD100EC3C53 /* Resources */ = {
			isa = PBXResourcesBuildPhase;
			buildActionMask = 2147483647;
			files = (
				8AD3F4EC2BEDFDD400EC3C53 /* Assets.xcassets in Resources */,
				8AD3F4EF2BEDFDD400EC3C53 /* Base in Resources */,
				8AD3F4EA2BEDFDD100EC3C53 /* Base in Resources */,
			);
			runOnlyForDeploymentPostprocessing = 0;
		};
		8AD3F4F52BEDFDD400EC3C53 /* Resources */ = {
			isa = PBXResourcesBuildPhase;
			buildActionMask = 2147483647;
			files = (
			);
			runOnlyForDeploymentPostprocessing = 0;
		};
		8AD3F4FF2BEDFDD400EC3C53 /* Resources */ = {
			isa = PBXResourcesBuildPhase;
			buildActionMask = 2147483647;
			files = (
			);
			runOnlyForDeploymentPostprocessing = 0;
		};
/* End PBXResourcesBuildPhase section */

/* Begin PBXSourcesBuildPhase section */
		8AD3F4D82BEDFDD100EC3C53 /* Sources */ = {
			isa = PBXSourcesBuildPhase;
			buildActionMask = 2147483647;
			files = (
				8AD3F4E72BEDFDD100EC3C53 /* ViewController.m in Sources */,
				8AD3F4E12BEDFDD100EC3C53 /* AppDelegate.m in Sources */,
				8AD3F4F22BEDFDD400EC3C53 /* main.m in Sources */,
				8AD3F4E42BEDFDD100EC3C53 /* SceneDelegate.m in Sources */,
			);
			runOnlyForDeploymentPostprocessing = 0;
		};
		8AD3F4F32BEDFDD400EC3C53 /* Sources */ = {
			isa = PBXSourcesBuildPhase;
			buildActionMask = 2147483647;
			files = (
				8AD3F4FC2BEDFDD400EC3C53 /* cc2Tests.m in Sources */,
			);
			runOnlyForDeploymentPostprocessing = 0;
		};
		8AD3F4FD2BEDFDD400EC3C53 /* Sources */ = {
			isa = PBXSourcesBuildPhase;
			buildActionMask = 2147483647;
			files = (
				8AD3F5062BEDFDD400EC3C53 /* cc2UITests.m in Sources */,
				8AD3F5082BEDFDD400EC3C53 /* cc2UITestsLaunchTests.m in Sources */,
			);
			runOnlyForDeploymentPostprocessing = 0;
		};
/* End PBXSourcesBuildPhase section */

/* Begin PBXTargetDependency section */
		8AD3F4F92BEDFDD400EC3C53 /* PBXTargetDependency */ = {
			isa = PBXTargetDependency;
			target = 8AD3F4DB2BEDFDD100EC3C53 /* cc2 */;
			targetProxy = 8AD3F4F82BEDFDD400EC3C53 /* PBXContainerItemProxy */;
		};
		8AD3F5032BEDFDD400EC3C53 /* PBXTargetDependency */ = {
			isa = PBXTargetDependency;
			target = 8AD3F4DB2BEDFDD100EC3C53 /* cc2 */;
			targetProxy = 8AD3F5022BEDFDD400EC3C53 /* PBXContainerItemProxy */;
		};
/* End PBXTargetDependency section */

/* Begin PBXVariantGroup section */
		8AD3F4E82BEDFDD100EC3C53 /* Main.storyboard */ = {
			isa = PBXVariantGroup;
			children = (
				8AD3F4E92BEDFDD100EC3C53 /* Base */,
			);
			name = Main.storyboard;
			sourceTree = "<group>";
		};
		8AD3F4ED2BEDFDD400EC3C53 /* LaunchScreen.storyboard */ = {
			isa = PBXVariantGroup;
			children = (
				8AD3F4EE2BEDFDD400EC3C53 /* Base */,
			);
			name = LaunchScreen.storyboard;
			sourceTree = "<group>";
		};
/* End PBXVariantGroup section */

/* Begin XCBuildConfiguration section */
		8AD3F5092BEDFDD400EC3C53 /* Debug */ = {
			isa = XCBuildConfiguration;
			buildSettings = {
				ALWAYS_SEARCH_USER_PATHS = NO;
				ASSETCATALOG_COMPILER_GENERATE_SWIFT_ASSET_SYMBOL_EXTENSIONS = YES;
				CLANG_ANALYZER_NONNULL = YES;
				CLANG_ANALYZER_NUMBER_OBJECT_CONVERSION = YES_AGGRESSIVE;
				CLANG_CXX_LANGUAGE_STANDARD = "gnu++20";
				CLANG_ENABLE_MODULES = YES;
				CLANG_ENABLE_OBJC_ARC = YES;
				CLANG_ENABLE_OBJC_WEAK = YES;
				CLANG_WARN_BLOCK_CAPTURE_AUTORELEASING = YES;
				CLANG_WARN_BOOL_CONVERSION = YES;
				CLANG_WARN_COMMA = YES;
				CLANG_WARN_CONSTANT_CONVERSION = YES;
				CLANG_WARN_DEPRECATED_OBJC_IMPLEMENTATIONS = YES;
				CLANG_WARN_DIRECT_OBJC_ISA_USAGE = YES_ERROR;
				CLANG_WARN_DOCUMENTATION_COMMENTS = YES;
				CLANG_WARN_EMPTY_BODY = YES;
				CLANG_WARN_ENUM_CONVERSION = YES;
				CLANG_WARN_INFINITE_RECURSION = YES;
				CLANG_WARN_INT_CONVERSION = YES;
				CLANG_WARN_NON_LITERAL_NULL_CONVERSION = YES;
				CLANG_WARN_OBJC_IMPLICIT_RETAIN_SELF = YES;
				CLANG_WARN_OBJC_LITERAL_CONVERSION = YES;
				CLANG_WARN_OBJC_ROOT_CLASS = YES_ERROR;
				CLANG_WARN_QUOTED_INCLUDE_IN_FRAMEWORK_HEADER = YES;
				CLANG_WARN_RANGE_LOOP_ANALYSIS = YES;
				CLANG_WARN_STRICT_PROTOTYPES = YES;
				CLANG_WARN_SUSPICIOUS_MOVE = YES;
				CLANG_WARN_UNGUARDED_AVAILABILITY = YES_AGGRESSIVE;
				CLANG_WARN_UNREACHABLE_CODE = YES;
				CLANG_WARN__DUPLICATE_METHOD_MATCH = YES;
				COPY_PHASE_STRIP = NO;
				DEBUG_INFORMATION_FORMAT = dwarf;
				ENABLE_STRICT_OBJC_MSGSEND = YES;
				ENABLE_TESTABILITY = YES;
				ENABLE_USER_SCRIPT_SANDBOXING = YES;
				GCC_C_LANGUAGE_STANDARD = gnu17;
				GCC_DYNAMIC_NO_PIC = NO;
				GCC_NO_COMMON_BLOCKS = YES;
				GCC_OPTIMIZATION_LEVEL = 0;
				GCC_PREPROCESSOR_DEFINITIONS = (
					"DEBUG=1",
					"$(inherited)",
				);
				GCC_WARN_64_TO_32_BIT_CONVERSION = YES;
				GCC_WARN_ABOUT_RETURN_TYPE = YES_ERROR;
				GCC_WARN_UNDECLARED_SELECTOR = YES;
				GCC_WARN_UNINITIALIZED_AUTOS = YES_AGGRESSIVE;
				GCC_WARN_UNUSED_FUNCTION = YES;
				GCC_WARN_UNUSED_VARIABLE = YES;
				IPHONEOS_DEPLOYMENT_TARGET = 17.4;
				LOCALIZATION_PREFERS_STRING_CATALOGS = YES;
				MTL_ENABLE_DEBUG_INFO = INCLUDE_SOURCE;
				MTL_FAST_MATH = YES;
				ONLY_ACTIVE_ARCH = YES;
				SDKROOT = iphoneos;
			};
			name = Debug;
		};
		8AD3F50A2BEDFDD400EC3C53 /* Release */ = {
			isa = XCBuildConfiguration;
			buildSettings = {
				ALWAYS_SEARCH_USER_PATHS = NO;
				ASSETCATALOG_COMPILER_GENERATE_SWIFT_ASSET_SYMBOL_EXTENSIONS = YES;
				CLANG_ANALYZER_NONNULL = YES;
				CLANG_ANALYZER_NUMBER_OBJECT_CONVERSION = YES_AGGRESSIVE;
				CLANG_CXX_LANGUAGE_STANDARD = "gnu++20";
				CLANG_ENABLE_MODULES = YES;
				CLANG_ENABLE_OBJC_ARC = YES;
				CLANG_ENABLE_OBJC_WEAK = YES;
				CLANG_WARN_BLOCK_CAPTURE_AUTORELEASING = YES;
				CLANG_WARN_BOOL_CONVERSION = YES;
				CLANG_WARN_COMMA = YES;
				CLANG_WARN_CONSTANT_CONVERSION = YES;
				CLANG_WARN_DEPRECATED_OBJC_IMPLEMENTATIONS = YES;
				CLANG_WARN_DIRECT_OBJC_ISA_USAGE = YES_ERROR;
				CLANG_WARN_DOCUMENTATION_COMMENTS = YES;
				CLANG_WARN_EMPTY_BODY = YES;
				CLANG_WARN_ENUM_CONVERSION = YES;
				CLANG_WARN_INFINITE_RECURSION = YES;
				CLANG_WARN_INT_CONVERSION = YES;
				CLANG_WARN_NON_LITERAL_NULL_CONVERSION = YES;
				CLANG_WARN_OBJC_IMPLICIT_RETAIN_SELF = YES;
				CLANG_WARN_OBJC_LITERAL_CONVERSION = YES;
				CLANG_WARN_OBJC_ROOT_CLASS = YES_ERROR;
				CLANG_WARN_QUOTED_INCLUDE_IN_FRAMEWORK_HEADER = YES;
				CLANG_WARN_RANGE_LOOP_ANALYSIS = YES;
				CLANG_WARN_STRICT_PROTOTYPES = YES;
				CLANG_WARN_SUSPICIOUS_MOVE = YES;
				CLANG_WARN_UNGUARDED_AVAILABILITY = YES_AGGRESSIVE;
				CLANG_WARN_UNREACHABLE_CODE = YES;
				CLANG_WARN__DUPLICATE_METHOD_MATCH = YES;
				COPY_PHASE_STRIP = NO;
				DEBUG_INFORMATION_FORMAT = "dwarf-with-dsym";
				ENABLE_NS_ASSERTIONS = NO;
				ENABLE_STRICT_OBJC_MSGSEND = YES;
				ENABLE_USER_SCRIPT_SANDBOXING = YES;
				GCC_C_LANGUAGE_STANDARD = gnu17;
				GCC_NO_COMMON_BLOCKS = YES;
				GCC_WARN_64_TO_32_BIT_CONVERSION = YES;
				GCC_WARN_ABOUT_RETURN_TYPE = YES_ERROR;
				GCC_WARN_UNDECLARED_SELECTOR = YES;
				GCC_WARN_UNINITIALIZED_AUTOS = YES_AGGRESSIVE;
				GCC_WARN_UNUSED_FUNCTION = YES;
				GCC_WARN_UNUSED_VARIABLE = YES;
				IPHONEOS_DEPLOYMENT_TARGET = 17.4;
				LOCALIZATION_PREFERS_STRING_CATALOGS = YES;
				MTL_ENABLE_DEBUG_INFO = NO;
				MTL_FAST_MATH = YES;
				SDKROOT = iphoneos;
				VALIDATE_PRODUCT = YES;
			};
			name = Release;
		};
		8AD3F50C2BEDFDD400EC3C53 /* Debug */ = {
			isa = XCBuildConfiguration;
			buildSettings = {
				ASSETCATALOG_COMPILER_APPICON_NAME = AppIcon;
				ASSETCATALOG_COMPILER_GLOBAL_ACCENT_COLOR_NAME = AccentColor;
				CODE_SIGN_STYLE = Automatic;
				CURRENT_PROJECT_VERSION = 1;
				GENERATE_INFOPLIST_FILE = YES;
				INFOPLIST_FILE = cc2/Info.plist;
				INFOPLIST_KEY_UIApplicationSupportsIndirectInputEvents = YES;
				INFOPLIST_KEY_UILaunchStoryboardName = LaunchScreen;
				INFOPLIST_KEY_UIMainStoryboardFile = Main;
				INFOPLIST_KEY_UISupportedInterfaceOrientations_iPad = "UIInterfaceOrientationPortrait UIInterfaceOrientationPortraitUpsideDown UIInterfaceOrientationLandscapeLeft UIInterfaceOrientationLandscapeRight";
				INFOPLIST_KEY_UISupportedInterfaceOrientations_iPhone = "UIInterfaceOrientationPortrait UIInterfaceOrientationLandscapeLeft UIInterfaceOrientationLandscapeRight";
				LD_RUNPATH_SEARCH_PATHS = (
					"$(inherited)",
					"@executable_path/Frameworks",
				);
				MARKETING_VERSION = 1.0;
				PRODUCT_BUNDLE_IDENTIFIER = ddd.cc2;
				PRODUCT_NAME = "$(TARGET_NAME)";
				SWIFT_EMIT_LOC_STRINGS = YES;
				TARGETED_DEVICE_FAMILY = "1,2";
			};
			name = Debug;
		};
		8AD3F50D2BEDFDD400EC3C53 /* Release */ = {
			isa = XCBuildConfiguration;
			buildSettings = {
				ASSETCATALOG_COMPILER_APPICON_NAME = AppIcon;
				ASSETCATALOG_COMPILER_GLOBAL_ACCENT_COLOR_NAME = AccentColor;
				CODE_SIGN_STYLE = Automatic;
				CURRENT_PROJECT_VERSION = 1;
				GENERATE_INFOPLIST_FILE = YES;
				INFOPLIST_FILE = cc2/Info.plist;
				INFOPLIST_KEY_UIApplicationSupportsIndirectInputEvents = YES;
				INFOPLIST_KEY_UILaunchStoryboardName = LaunchScreen;
				INFOPLIST_KEY_UIMainStoryboardFile = Main;
				INFOPLIST_KEY_UISupportedInterfaceOrientations_iPad = "UIInterfaceOrientationPortrait UIInterfaceOrientationPortraitUpsideDown UIInterfaceOrientationLandscapeLeft UIInterfaceOrientationLandscapeRight";
				INFOPLIST_KEY_UISupportedInterfaceOrientations_iPhone = "UIInterfaceOrientationPortrait UIInterfaceOrientationLandscapeLeft UIInterfaceOrientationLandscapeRight";
				LD_RUNPATH_SEARCH_PATHS = (
					"$(inherited)",
					"@executable_path/Frameworks",
				);
				MARKETING_VERSION = 1.0;
				PRODUCT_BUNDLE_IDENTIFIER = ddd.cc2;
				PRODUCT_NAME = "$(TARGET_NAME)";
				SWIFT_EMIT_LOC_STRINGS = YES;
				TARGETED_DEVICE_FAMILY = "1,2";
			};
			name = Release;
		};
		8AD3F50F2BEDFDD400EC3C53 /* Debug */ = {
			isa = XCBuildConfiguration;
			buildSettings = {
				BUNDLE_LOADER = "$(TEST_HOST)";
				CODE_SIGN_STYLE = Automatic;
				CURRENT_PROJECT_VERSION = 1;
				GENERATE_INFOPLIST_FILE = YES;
				IPHONEOS_DEPLOYMENT_TARGET = 17.4;
				MARKETING_VERSION = 1.0;
				PRODUCT_BUNDLE_IDENTIFIER = ddd.cc2Tests;
				PRODUCT_NAME = "$(TARGET_NAME)";
				SWIFT_EMIT_LOC_STRINGS = NO;
				TARGETED_DEVICE_FAMILY = "1,2";
				TEST_HOST = "$(BUILT_PRODUCTS_DIR)/cc2.app/$(BUNDLE_EXECUTABLE_FOLDER_PATH)/cc2";
			};
			name = Debug;
		};
		8AD3F5102BEDFDD400EC3C53 /* Release */ = {
			isa = XCBuildConfiguration;
			buildSettings = {
				BUNDLE_LOADER = "$(TEST_HOST)";
				CODE_SIGN_STYLE = Automatic;
				CURRENT_PROJECT_VERSION = 1;
				GENERATE_INFOPLIST_FILE = YES;
				IPHONEOS_DEPLOYMENT_TARGET = 17.4;
				MARKETING_VERSION = 1.0;
				PRODUCT_BUNDLE_IDENTIFIER = ddd.cc2Tests;
				PRODUCT_NAME = "$(TARGET_NAME)";
				SWIFT_EMIT_LOC_STRINGS = NO;
				TARGETED_DEVICE_FAMILY = "1,2";
				TEST_HOST = "$(BUILT_PRODUCTS_DIR)/cc2.app/$(BUNDLE_EXECUTABLE_FOLDER_PATH)/cc2";
			};
			name = Release;
		};
		8AD3F5122BEDFDD400EC3C53 /* Debug */ = {
			isa = XCBuildConfiguration;
			buildSettings = {
				CODE_SIGN_STYLE = Automatic;
				CURRENT_PROJECT_VERSION = 1;
				GENERATE_INFOPLIST_FILE = YES;
				MARKETING_VERSION = 1.0;
				PRODUCT_BUNDLE_IDENTIFIER = ddd.cc2UITests;
				PRODUCT_NAME = "$(TARGET_NAME)";
				SWIFT_EMIT_LOC_STRINGS = NO;
				TARGETED_DEVICE_FAMILY = "1,2";
				TEST_TARGET_NAME = cc2;
			};
			name = Debug;
		};
		8AD3F5132BEDFDD400EC3C53 /* Release */ = {
			isa = XCBuildConfiguration;
			buildSettings = {
				CODE_SIGN_STYLE = Automatic;
				CURRENT_PROJECT_VERSION = 1;
				GENERATE_INFOPLIST_FILE = YES;
				MARKETING_VERSION = 1.0;
				PRODUCT_BUNDLE_IDENTIFIER = ddd.cc2UITests;
				PRODUCT_NAME = "$(TARGET_NAME)";
				SWIFT_EMIT_LOC_STRINGS = NO;
				TARGETED_DEVICE_FAMILY = "1,2";
				TEST_TARGET_NAME = cc2;
			};
			name = Release;
		};
/* End XCBuildConfiguration section */

/* Begin XCConfigurationList section */
		8AD3F4D72BEDFDD100EC3C53 /* Build configuration list for PBXProject "cc2" */ = {
			isa = XCConfigurationList;
			buildConfigurations = (
				8AD3F5092BEDFDD400EC3C53 /* Debug */,
				8AD3F50A2BEDFDD400EC3C53 /* Release */,
			);
			defaultConfigurationIsVisible = 0;
			defaultConfigurationName = Release;
		};
		8AD3F50B2BEDFDD400EC3C53 /* Build configuration list for PBXNativeTarget "cc2" */ = {
			isa = XCConfigurationList;
			buildConfigurations = (
				8AD3F50C2BEDFDD400EC3C53 /* Debug */,
				8AD3F50D2BEDFDD400EC3C53 /* Release */,
			);
			defaultConfigurationIsVisible = 0;
			defaultConfigurationName = Release;
		};
		8AD3F50E2BEDFDD400EC3C53 /* Build configuration list for PBXNativeTarget "cc2Tests" */ = {
			isa = XCConfigurationList;
			buildConfigurations = (
				8AD3F50F2BEDFDD400EC3C53 /* Debug */,
				8AD3F5102BEDFDD400EC3C53 /* Release */,
			);
			defaultConfigurationIsVisible = 0;
			defaultConfigurationName = Release;
		};
		8AD3F5112BEDFDD400EC3C53 /* Build configuration list for PBXNativeTarget "cc2UITests" */ = {
			isa = XCConfigurationList;
			buildConfigurations = (
				8AD3F5122BEDFDD400EC3C53 /* Debug */,
				8AD3F5132BEDFDD400EC3C53 /* Release */,
			);
			defaultConfigurationIsVisible = 0;
			defaultConfigurationName = Release;
		};
/* End XCConfigurationList section */
	};
	rootObject = 8AD3F4D42BEDFDD100EC3C53 /* Project object */;
}
